// !$*UTF8*$!
{
	archiveVersion = 1;
	classes = {
	};
	objectVersion = 50;
	objects = {

/* Begin PBXBuildFile section */
		A175ED0F240357F400AC147D /* AppDelegate.swift in Sources */ = {isa = PBXBuildFile; fileRef = A175ED0E240357F400AC147D /* AppDelegate.swift */; };
		A175ED11240357F400AC147D /* ViewController.swift in Sources */ = {isa = PBXBuildFile; fileRef = A175ED10240357F400AC147D /* ViewController.swift */; };
		A175ED13240357F400AC147D /* Experience.rcproject in Sources */ = {isa = PBXBuildFile; fileRef = A175ED12240357F400AC147D /* Experience.rcproject */; };
		A175ED16240357F400AC147D /* Main.storyboard in Resources */ = {isa = PBXBuildFile; fileRef = A175ED14240357F400AC147D /* Main.storyboard */; };
		A175ED18240357F500AC147D /* Assets.xcassets in Resources */ = {isa = PBXBuildFile; fileRef = A175ED17240357F500AC147D /* Assets.xcassets */; };
		A175ED1B240357F500AC147D /* LaunchScreen.storyboard in Resources */ = {isa = PBXBuildFile; fileRef = A175ED19240357F500AC147D /* LaunchScreen.storyboard */; };
		A175ED2324035E2E00AC147D /* short_candle.usdz in Resources */ = {isa = PBXBuildFile; fileRef = A175ED2224035E2E00AC147D /* short_candle.usdz */; };
		A175ED2524042D3C00AC147D /* fireext_body.usdz in Resources */ = {isa = PBXBuildFile; fileRef = A175ED2424042D3C00AC147D /* fireext_body.usdz */; };
		A178D5F7240B182000017AF0 /* TrainingStatus.swift in Sources */ = {isa = PBXBuildFile; fileRef = A178D5F6240B182000017AF0 /* TrainingStatus.swift */; };
/* End PBXBuildFile section */

/* Begin PBXFileReference section */
		A175ED0B240357F400AC147D /* HazAR.app */ = {isa = PBXFileReference; explicitFileType = wrapper.application; includeInIndex = 0; path = HazAR.app; sourceTree = BUILT_PRODUCTS_DIR; };
		A175ED0E240357F400AC147D /* AppDelegate.swift */ = {isa = PBXFileReference; lastKnownFileType = sourcecode.swift; path = AppDelegate.swift; sourceTree = "<group>"; };
		A175ED10240357F400AC147D /* ViewController.swift */ = {isa = PBXFileReference; lastKnownFileType = sourcecode.swift; path = ViewController.swift; sourceTree = "<group>"; };
		A175ED12240357F400AC147D /* Experience.rcproject */ = {isa = PBXFileReference; lastKnownFileType = file.rcproject; path = Experience.rcproject; sourceTree = "<group>"; };
		A175ED15240357F400AC147D /* Base */ = {isa = PBXFileReference; lastKnownFileType = file.storyboard; name = Base; path = Base.lproj/Main.storyboard; sourceTree = "<group>"; };
		A175ED17240357F500AC147D /* Assets.xcassets */ = {isa = PBXFileReference; lastKnownFileType = folder.assetcatalog; path = Assets.xcassets; sourceTree = "<group>"; };
		A175ED1A240357F500AC147D /* Base */ = {isa = PBXFileReference; lastKnownFileType = file.storyboard; name = Base; path = Base.lproj/LaunchScreen.storyboard; sourceTree = "<group>"; };
		A175ED1C240357F500AC147D /* Info.plist */ = {isa = PBXFileReference; lastKnownFileType = text.plist.xml; path = Info.plist; sourceTree = "<group>"; };
		A175ED2224035E2E00AC147D /* short_candle.usdz */ = {isa = PBXFileReference; lastKnownFileType = file.usdz; path = short_candle.usdz; sourceTree = "<group>"; };
		A175ED2424042D3C00AC147D /* fireext_body.usdz */ = {isa = PBXFileReference; lastKnownFileType = file.usdz; path = fireext_body.usdz; sourceTree = "<group>"; };
		A178D5F6240B182000017AF0 /* TrainingStatus.swift */ = {isa = PBXFileReference; lastKnownFileType = sourcecode.swift; path = TrainingStatus.swift; sourceTree = "<group>"; };
/* End PBXFileReference section */

/* Begin PBXFrameworksBuildPhase section */
		A175ED08240357F400AC147D /* Frameworks */ = {
			isa = PBXFrameworksBuildPhase;
			buildActionMask = 2147483647;
			files = (
			);
			runOnlyForDeploymentPostprocessing = 0;
		};
/* End PBXFrameworksBuildPhase section */

/* Begin PBXGroup section */
		A175ED02240357F400AC147D = {
			isa = PBXGroup;
			children = (
				A175ED0D240357F400AC147D /* HazAR */,
				A175ED0C240357F400AC147D /* Products */,
			);
			sourceTree = "<group>";
		};
		A175ED0C240357F400AC147D /* Products */ = {
			isa = PBXGroup;
			children = (
				A175ED0B240357F400AC147D /* HazAR.app */,
			);
			name = Products;
			sourceTree = "<group>";
		};
		A175ED0D240357F400AC147D /* HazAR */ = {
			isa = PBXGroup;
			children = (
				A175ED0E240357F400AC147D /* AppDelegate.swift */,
				A175ED10240357F400AC147D /* ViewController.swift */,
				A175ED12240357F400AC147D /* Experience.rcproject */,
				A175ED14240357F400AC147D /* Main.storyboard */,
				A175ED2424042D3C00AC147D /* fireext_body.usdz */,
				A175ED2224035E2E00AC147D /* short_candle.usdz */,
				A175ED17240357F500AC147D /* Assets.xcassets */,
				A175ED19240357F500AC147D /* LaunchScreen.storyboard */,
				A175ED1C240357F500AC147D /* Info.plist */,
				A178D5F6240B182000017AF0 /* TrainingStatus.swift */,
			);
			path = HazAR;
			sourceTree = "<group>";
		};
/* End PBXGroup section */

/* Begin PBXNativeTarget section */
		A175ED0A240357F400AC147D /* HazAR */ = {
			isa = PBXNativeTarget;
			buildConfigurationList = A175ED1F240357F500AC147D /* Build configuration list for PBXNativeTarget "HazAR" */;
			buildPhases = (
				A175ED07240357F400AC147D /* Sources */,
				A175ED08240357F400AC147D /* Frameworks */,
				A175ED09240357F400AC147D /* Resources */,
			);
			buildRules = (
			);
			dependencies = (
			);
			name = HazAR;
			productName = HazAR;
			productReference = A175ED0B240357F400AC147D /* HazAR.app */;
			productType = "com.apple.product-type.application";
		};
/* End PBXNativeTarget section */

/* Begin PBXProject section */
		A175ED03240357F400AC147D /* Project object */ = {
			isa = PBXProject;
			attributes = {
				LastSwiftUpdateCheck = 1130;
				LastUpgradeCheck = 1130;
				ORGANIZATIONNAME = Akshay_Shinde;
				TargetAttributes = {
					A175ED0A240357F400AC147D = {
						CreatedOnToolsVersion = 11.3.1;
					};
				};
			};
			buildConfigurationList = A175ED06240357F400AC147D /* Build configuration list for PBXProject "HazAR" */;
			compatibilityVersion = "Xcode 9.3";
			developmentRegion = en;
			hasScannedForEncodings = 0;
			knownRegions = (
				en,
				Base,
			);
			mainGroup = A175ED02240357F400AC147D;
			productRefGroup = A175ED0C240357F400AC147D /* Products */;
			projectDirPath = "";
			projectRoot = "";
			targets = (
				A175ED0A240357F400AC147D /* HazAR */,
			);
		};
/* End PBXProject section */

/* Begin PBXResourcesBuildPhase section */
		A175ED09240357F400AC147D /* Resources */ = {
			isa = PBXResourcesBuildPhase;
			buildActionMask = 2147483647;
			files = (
				A175ED1B240357F500AC147D /* LaunchScreen.storyboard in Resources */,
				A175ED18240357F500AC147D /* Assets.xcassets in Resources */,
				A175ED16240357F400AC147D /* Main.storyboard in Resources */,
				A175ED2524042D3C00AC147D /* fireext_body.usdz in Resources */,
				A175ED2324035E2E00AC147D /* short_candle.usdz in Resources */,
			);
			runOnlyForDeploymentPostprocessing = 0;
		};
/* End PBXResourcesBuildPhase section */

/* Begin PBXSourcesBuildPhase section */
		A175ED07240357F400AC147D /* Sources */ = {
			isa = PBXSourcesBuildPhase;
			buildActionMask = 2147483647;
			files = (
				A175ED11240357F400AC147D /* ViewController.swift in Sources */,
				A175ED0F240357F400AC147D /* AppDelegate.swift in Sources */,
				A175ED13240357F400AC147D /* Experience.rcproject in Sources */,
				A178D5F7240B182000017AF0 /* TrainingStatus.swift in Sources */,
			);
			runOnlyForDeploymentPostprocessing = 0;
		};
/* End PBXSourcesBuildPhase section */

/* Begin PBXVariantGroup section */
		A175ED14240357F400AC147D /* Main.storyboard */ = {
			isa = PBXVariantGroup;
			children = (
				A175ED15240357F400AC147D /* Base */,
			);
			name = Main.storyboard;
			sourceTree = "<group>";
		};
		A175ED19240357F500AC147D /* LaunchScreen.storyboard */ = {
			isa = PBXVariantGroup;
			children = (
				A175ED1A240357F500AC147D /* Base */,
			);
			name = LaunchScreen.storyboard;
			sourceTree = "<group>";
		};
/* End PBXVariantGroup section */

/* Begin XCBuildConfiguration section */
		A175ED1D240357F500AC147D /* Debug */ = {
			isa = XCBuildConfiguration;
			buildSettings = {
				ALWAYS_SEARCH_USER_PATHS = NO;
				CLANG_ANALYZER_NONNULL = YES;
				CLANG_ANALYZER_NUMBER_OBJECT_CONVERSION = YES_AGGRESSIVE;
				CLANG_CXX_LANGUAGE_STANDARD = "gnu++14";
				CLANG_CXX_LIBRARY = "libc++";
				CLANG_ENABLE_MODULES = YES;
				CLANG_ENABLE_OBJC_ARC = YES;
				CLANG_ENABLE_OBJC_WEAK = YES;
				CLANG_WARN_BLOCK_CAPTURE_AUTORELEASING = YES;
				CLANG_WARN_BOOL_CONVERSION = YES;
				CLANG_WARN_COMMA = YES;
				CLANG_WARN_CONSTANT_CONVERSION = YES;
				CLANG_WARN_DEPRECATED_OBJC_IMPLEMENTATIONS = YES;
				CLANG_WARN_DIRECT_OBJC_ISA_USAGE = YES_ERROR;
				CLANG_WARN_DOCUMENTATION_COMMENTS = YES;
				CLANG_WARN_EMPTY_BODY = YES;
				CLANG_WARN_ENUM_CONVERSION = YES;
				CLANG_WARN_INFINITE_RECURSION = YES;
				CLANG_WARN_INT_CONVERSION = YES;
				CLANG_WARN_NON_LITERAL_NULL_CONVERSION = YES;
				CLANG_WARN_OBJC_IMPLICIT_RETAIN_SELF = YES;
				CLANG_WARN_OBJC_LITERAL_CONVERSION = YES;
				CLANG_WARN_OBJC_ROOT_CLASS = YES_ERROR;
				CLANG_WARN_RANGE_LOOP_ANALYSIS = YES;
				CLANG_WARN_STRICT_PROTOTYPES = YES;
				CLANG_WARN_SUSPICIOUS_MOVE = YES;
				CLANG_WARN_UNGUARDED_AVAILABILITY = YES_AGGRESSIVE;
				CLANG_WARN_UNREACHABLE_CODE = YES;
				CLANG_WARN__DUPLICATE_METHOD_MATCH = YES;
				COPY_PHASE_STRIP = NO;
				DEBUG_INFORMATION_FORMAT = dwarf;
				ENABLE_STRICT_OBJC_MSGSEND = YES;
				ENABLE_TESTABILITY = YES;
				GCC_C_LANGUAGE_STANDARD = gnu11;
				GCC_DYNAMIC_NO_PIC = NO;
				GCC_NO_COMMON_BLOCKS = YES;
				GCC_OPTIMIZATION_LEVEL = 0;
				GCC_PREPROCESSOR_DEFINITIONS = (
					"DEBUG=1",
					"$(inherited)",
				);
				GCC_WARN_64_TO_32_BIT_CONVERSION = YES;
				GCC_WARN_ABOUT_RETURN_TYPE = YES_ERROR;
				GCC_WARN_UNDECLARED_SELECTOR = YES;
				GCC_WARN_UNINITIALIZED_AUTOS = YES_AGGRESSIVE;
				GCC_WARN_UNUSED_FUNCTION = YES;
				GCC_WARN_UNUSED_VARIABLE = YES;
				IPHONEOS_DEPLOYMENT_TARGET = 13.2;
				MTL_ENABLE_DEBUG_INFO = INCLUDE_SOURCE;
				MTL_FAST_MATH = YES;
				ONLY_ACTIVE_ARCH = YES;
				SDKROOT = iphoneos;
				SWIFT_ACTIVE_COMPILATION_CONDITIONS = DEBUG;
				SWIFT_OPTIMIZATION_LEVEL = "-Onone";
			};
			name = Debug;
		};
		A175ED1E240357F500AC147D /* Release */ = {
			isa = XCBuildConfiguration;
			buildSettings = {
				ALWAYS_SEARCH_USER_PATHS = NO;
				CLANG_ANALYZER_NONNULL = YES;
				CLANG_ANALYZER_NUMBER_OBJECT_CONVERSION = YES_AGGRESSIVE;
				CLANG_CXX_LANGUAGE_STANDARD = "gnu++14";
				CLANG_CXX_LIBRARY = "libc++";
				CLANG_ENABLE_MODULES = YES;
				CLANG_ENABLE_OBJC_ARC = YES;
				CLANG_ENABLE_OBJC_WEAK = YES;
				CLANG_WARN_BLOCK_CAPTURE_AUTORELEASING = YES;
				CLANG_WARN_BOOL_CONVERSION = YES;
				CLANG_WARN_COMMA = YES;
				CLANG_WARN_CONSTANT_CONVERSION = YES;
				CLANG_WARN_DEPRECATED_OBJC_IMPLEMENTATIONS = YES;
				CLANG_WARN_DIRECT_OBJC_ISA_USAGE = YES_ERROR;
				CLANG_WARN_DOCUMENTATION_COMMENTS = YES;
				CLANG_WARN_EMPTY_BODY = YES;
				CLANG_WARN_ENUM_CONVERSION = YES;
				CLANG_WARN_INFINITE_RECURSION = YES;
				CLANG_WARN_INT_CONVERSION = YES;
				CLANG_WARN_NON_LITERAL_NULL_CONVERSION = YES;
				CLANG_WARN_OBJC_IMPLICIT_RETAIN_SELF = YES;
				CLANG_WARN_OBJC_LITERAL_CONVERSION = YES;
				CLANG_WARN_OBJC_ROOT_CLASS = YES_ERROR;
				CLANG_WARN_RANGE_LOOP_ANALYSIS = YES;
				CLANG_WARN_STRICT_PROTOTYPES = YES;
				CLANG_WARN_SUSPICIOUS_MOVE = YES;
				CLANG_WARN_UNGUARDED_AVAILABILITY = YES_AGGRESSIVE;
				CLANG_WARN_UNREACHABLE_CODE = YES;
				CLANG_WARN__DUPLICATE_METHOD_MATCH = YES;
				COPY_PHASE_STRIP = NO;
				DEBUG_INFORMATION_FORMAT = "dwarf-with-dsym";
				ENABLE_NS_ASSERTIONS = NO;
				ENABLE_STRICT_OBJC_MSGSEND = YES;
				GCC_C_LANGUAGE_STANDARD = gnu11;
				GCC_NO_COMMON_BLOCKS = YES;
				GCC_WARN_64_TO_32_BIT_CONVERSION = YES;
				GCC_WARN_ABOUT_RETURN_TYPE = YES_ERROR;
				GCC_WARN_UNDECLARED_SELECTOR = YES;
				GCC_WARN_UNINITIALIZED_AUTOS = YES_AGGRESSIVE;
				GCC_WARN_UNUSED_FUNCTION = YES;
				GCC_WARN_UNUSED_VARIABLE = YES;
				IPHONEOS_DEPLOYMENT_TARGET = 13.2;
				MTL_ENABLE_DEBUG_INFO = NO;
				MTL_FAST_MATH = YES;
				SDKROOT = iphoneos;
				SWIFT_COMPILATION_MODE = wholemodule;
				SWIFT_OPTIMIZATION_LEVEL = "-O";
				VALIDATE_PRODUCT = YES;
			};
			name = Release;
		};
		A175ED20240357F500AC147D /* Debug */ = {
			isa = XCBuildConfiguration;
			buildSettings = {
				ASSETCATALOG_COMPILER_APPICON_NAME = AppIcon;
				CODE_SIGN_STYLE = Automatic;
				DEVELOPMENT_TEAM = SB42GR3CXG;
				INFOPLIST_FILE = HazAR/Info.plist;
				LD_RUNPATH_SEARCH_PATHS = (
					"$(inherited)",
					"@executable_path/Frameworks",
				);
				PRODUCT_BUNDLE_IDENTIFIER = com.yahska.hazadapt.HazAR;
				PRODUCT_NAME = "$(TARGET_NAME)";
				SWIFT_VERSION = 5.0;
				TARGETED_DEVICE_FAMILY = "1,2";
			};
			name = Debug;
		};
		A175ED21240357F500AC147D /* Release */ = {
			isa = XCBuildConfiguration;
			buildSettings = {
				ASSETCATALOG_COMPILER_APPICON_NAME = AppIcon;
				CODE_SIGN_STYLE = Automatic;
				DEVELOPMENT_TEAM = SB42GR3CXG;
				INFOPLIST_FILE = HazAR/Info.plist;
				LD_RUNPATH_SEARCH_PATHS = (
					"$(inherited)",
					"@executable_path/Frameworks",
				);
				PRODUCT_BUNDLE_IDENTIFIER = com.yahska.hazadapt.HazAR;
				PRODUCT_NAME = "$(TARGET_NAME)";
				SWIFT_VERSION = 5.0;
				TARGETED_DEVICE_FAMILY = "1,2";
			};
			name = Release;
		};
/* End XCBuildConfiguration section */

/* Begin XCConfigurationList section */
		A175ED06240357F400AC147D /* Build configuration list for PBXProject "HazAR" */ = {
			isa = XCConfigurationList;
			buildConfigurations = (
				A175ED1D240357F500AC147D /* Debug */,
				A175ED1E240357F500AC147D /* Release */,
			);
			defaultConfigurationIsVisible = 0;
			defaultConfigurationName = Release;
		};
		A175ED1F240357F500AC147D /* Build configuration list for PBXNativeTarget "HazAR" */ = {
			isa = XCConfigurationList;
			buildConfigurations = (
				A175ED20240357F500AC147D /* Debug */,
				A175ED21240357F500AC147D /* Release */,
			);
			defaultConfigurationIsVisible = 0;
			defaultConfigurationName = Release;
		};
/* End XCConfigurationList section */
	};
	rootObject = A175ED03240357F400AC147D /* Project object */;
}
